// !$*UTF8*$!
{
	archiveVersion = 1;
	classes = {
	};
	objectVersion = 55;
	objects = {

/* Begin PBXBuildFile section */
		5E84BBE828733D59004FEB72 /* PlayerModel.swift in Sources */ = {isa = PBXBuildFile; fileRef = 5E84BBE728733D59004FEB72 /* PlayerModel.swift */; };
		5E84BBEA28733D8F004FEB72 /* CodableBundleExtension.swift in Sources */ = {isa = PBXBuildFile; fileRef = 5E84BBE928733D8F004FEB72 /* CodableBundleExtension.swift */; };
		5E84BBEC28733EEE004FEB72 /* FeaturedItemView.swift in Sources */ = {isa = PBXBuildFile; fileRef = 5E84BBEB28733EEE004FEB72 /* FeaturedItemView.swift */; };
		5E84BBEE28733FA0004FEB72 /* FeaturedTabView.swift in Sources */ = {isa = PBXBuildFile; fileRef = 5E84BBED28733FA0004FEB72 /* FeaturedTabView.swift */; };
		5EC02A6B286E528F00F8F004 /* TouchdownApp.swift in Sources */ = {isa = PBXBuildFile; fileRef = 5EC02A6A286E528F00F8F004 /* TouchdownApp.swift */; };
		5EC02A6D286E528F00F8F004 /* ContentView.swift in Sources */ = {isa = PBXBuildFile; fileRef = 5EC02A6C286E528F00F8F004 /* ContentView.swift */; };
		5EC02A6F286E529100F8F004 /* Assets.xcassets in Resources */ = {isa = PBXBuildFile; fileRef = 5EC02A6E286E529100F8F004 /* Assets.xcassets */; };
		5EC02A72286E529100F8F004 /* Preview Assets.xcassets in Resources */ = {isa = PBXBuildFile; fileRef = 5EC02A71286E529100F8F004 /* Preview Assets.xcassets */; };
		5EC02A7C286E539D00F8F004 /* category.json in Resources */ = {isa = PBXBuildFile; fileRef = 5EC02A78286E539D00F8F004 /* category.json */; };
		5EC02A7D286E539D00F8F004 /* brand.json in Resources */ = {isa = PBXBuildFile; fileRef = 5EC02A79286E539D00F8F004 /* brand.json */; };
		5EC02A7E286E539D00F8F004 /* player.json in Resources */ = {isa = PBXBuildFile; fileRef = 5EC02A7A286E539D00F8F004 /* player.json */; };
		5EC02A7F286E539D00F8F004 /* product.json in Resources */ = {isa = PBXBuildFile; fileRef = 5EC02A7B286E539D00F8F004 /* product.json */; };
		5EC02A8A286E54C600F8F004 /* Constant.swift in Sources */ = {isa = PBXBuildFile; fileRef = 5EC02A89286E54C600F8F004 /* Constant.swift */; };
		5EC02A8C286E556500F8F004 /* FooterView.swift in Sources */ = {isa = PBXBuildFile; fileRef = 5EC02A8B286E556500F8F004 /* FooterView.swift */; };
		5EC02A8E286E592C00F8F004 /* NavigationBarView.swift in Sources */ = {isa = PBXBuildFile; fileRef = 5EC02A8D286E592C00F8F004 /* NavigationBarView.swift */; };
		5EC02A90286E5A3400F8F004 /* LogoView.swift in Sources */ = {isa = PBXBuildFile; fileRef = 5EC02A8F286E5A3400F8F004 /* LogoView.swift */; };
/* End PBXBuildFile section */

/* Begin PBXFileReference section */
		5E84BBE728733D59004FEB72 /* PlayerModel.swift */ = {isa = PBXFileReference; lastKnownFileType = sourcecode.swift; path = PlayerModel.swift; sourceTree = "<group>"; };
		5E84BBE928733D8F004FEB72 /* CodableBundleExtension.swift */ = {isa = PBXFileReference; lastKnownFileType = sourcecode.swift; path = CodableBundleExtension.swift; sourceTree = "<group>"; };
		5E84BBEB28733EEE004FEB72 /* FeaturedItemView.swift */ = {isa = PBXFileReference; lastKnownFileType = sourcecode.swift; path = FeaturedItemView.swift; sourceTree = "<group>"; };
		5E84BBED28733FA0004FEB72 /* FeaturedTabView.swift */ = {isa = PBXFileReference; lastKnownFileType = sourcecode.swift; path = FeaturedTabView.swift; sourceTree = "<group>"; };
		5EC02A67286E528F00F8F004 /* Touchdown.app */ = {isa = PBXFileReference; explicitFileType = wrapper.application; includeInIndex = 0; path = Touchdown.app; sourceTree = BUILT_PRODUCTS_DIR; };
		5EC02A6A286E528F00F8F004 /* TouchdownApp.swift */ = {isa = PBXFileReference; lastKnownFileType = sourcecode.swift; path = TouchdownApp.swift; sourceTree = "<group>"; };
		5EC02A6C286E528F00F8F004 /* ContentView.swift */ = {isa = PBXFileReference; lastKnownFileType = sourcecode.swift; path = ContentView.swift; sourceTree = "<group>"; };
		5EC02A6E286E529100F8F004 /* Assets.xcassets */ = {isa = PBXFileReference; lastKnownFileType = folder.assetcatalog; path = Assets.xcassets; sourceTree = "<group>"; };
		5EC02A71286E529100F8F004 /* Preview Assets.xcassets */ = {isa = PBXFileReference; lastKnownFileType = folder.assetcatalog; path = "Preview Assets.xcassets"; sourceTree = "<group>"; };
		5EC02A78286E539D00F8F004 /* category.json */ = {isa = PBXFileReference; fileEncoding = 4; lastKnownFileType = text.json; path = category.json; sourceTree = "<group>"; };
		5EC02A79286E539D00F8F004 /* brand.json */ = {isa = PBXFileReference; fileEncoding = 4; lastKnownFileType = text.json; path = brand.json; sourceTree = "<group>"; };
		5EC02A7A286E539D00F8F004 /* player.json */ = {isa = PBXFileReference; fileEncoding = 4; lastKnownFileType = text.json; path = player.json; sourceTree = "<group>"; };
		5EC02A7B286E539D00F8F004 /* product.json */ = {isa = PBXFileReference; fileEncoding = 4; lastKnownFileType = text.json; path = product.json; sourceTree = "<group>"; };
		5EC02A81286E53FC00F8F004 /* Info.plist */ = {isa = PBXFileReference; lastKnownFileType = text.plist; path = Info.plist; sourceTree = "<group>"; };
		5EC02A89286E54C600F8F004 /* Constant.swift */ = {isa = PBXFileReference; lastKnownFileType = sourcecode.swift; path = Constant.swift; sourceTree = "<group>"; };
		5EC02A8B286E556500F8F004 /* FooterView.swift */ = {isa = PBXFileReference; lastKnownFileType = sourcecode.swift; path = FooterView.swift; sourceTree = "<group>"; };
		5EC02A8D286E592C00F8F004 /* NavigationBarView.swift */ = {isa = PBXFileReference; lastKnownFileType = sourcecode.swift; path = NavigationBarView.swift; sourceTree = "<group>"; };
		5EC02A8F286E5A3400F8F004 /* LogoView.swift */ = {isa = PBXFileReference; lastKnownFileType = sourcecode.swift; path = LogoView.swift; sourceTree = "<group>"; };
/* End PBXFileReference section */

/* Begin PBXFrameworksBuildPhase section */
		5EC02A64286E528F00F8F004 /* Frameworks */ = {
			isa = PBXFrameworksBuildPhase;
			buildActionMask = 2147483647;
			files = (
			);
			runOnlyForDeploymentPostprocessing = 0;
		};
/* End PBXFrameworksBuildPhase section */

/* Begin PBXGroup section */
		5EC02A5E286E528F00F8F004 = {
			isa = PBXGroup;
			children = (
				5EC02A69286E528F00F8F004 /* Touchdown */,
				5EC02A68286E528F00F8F004 /* Products */,
			);
			sourceTree = "<group>";
		};
		5EC02A68286E528F00F8F004 /* Products */ = {
			isa = PBXGroup;
			children = (
				5EC02A67286E528F00F8F004 /* Touchdown.app */,
			);
			name = Products;
			sourceTree = "<group>";
		};
		5EC02A69286E528F00F8F004 /* Touchdown */ = {
			isa = PBXGroup;
			children = (
				5EC02A82286E546A00F8F004 /* App */,
				5EC02A83286E547400F8F004 /* View */,
				5EC02A87286E548C00F8F004 /* Extension */,
				5EC02A86286E548800F8F004 /* Model */,
				5EC02A88286E549200F8F004 /* Utility */,
				5EC02A80286E53B300F8F004 /* Data */,
				5EC02A81286E53FC00F8F004 /* Info.plist */,
				5EC02A6E286E529100F8F004 /* Assets.xcassets */,
				5EC02A70286E529100F8F004 /* Preview Content */,
			);
			path = Touchdown;
			sourceTree = "<group>";
		};
		5EC02A70286E529100F8F004 /* Preview Content */ = {
			isa = PBXGroup;
			children = (
				5EC02A71286E529100F8F004 /* Preview Assets.xcassets */,
			);
			path = "Preview Content";
			sourceTree = "<group>";
		};
		5EC02A80286E53B300F8F004 /* Data */ = {
			isa = PBXGroup;
			children = (
				5EC02A79286E539D00F8F004 /* brand.json */,
				5EC02A78286E539D00F8F004 /* category.json */,
				5EC02A7A286E539D00F8F004 /* player.json */,
				5EC02A7B286E539D00F8F004 /* product.json */,
			);
			path = Data;
			sourceTree = "<group>";
		};
		5EC02A82286E546A00F8F004 /* App */ = {
			isa = PBXGroup;
			children = (
				5EC02A6A286E528F00F8F004 /* TouchdownApp.swift */,
				5EC02A6C286E528F00F8F004 /* ContentView.swift */,
			);
			path = App;
			sourceTree = "<group>";
		};
		5EC02A83286E547400F8F004 /* View */ = {
			isa = PBXGroup;
			children = (
				5EC02A85286E548000F8F004 /* Detail */,
				5EC02A84286E547A00F8F004 /* Home */,
			);
			path = View;
			sourceTree = "<group>";
		};
		5EC02A84286E547A00F8F004 /* Home */ = {
			isa = PBXGroup;
			children = (
				5EC02A8B286E556500F8F004 /* FooterView.swift */,
				5EC02A8D286E592C00F8F004 /* NavigationBarView.swift */,
				5EC02A8F286E5A3400F8F004 /* LogoView.swift */,
				5E84BBEB28733EEE004FEB72 /* FeaturedItemView.swift */,
				5E84BBED28733FA0004FEB72 /* FeaturedTabView.swift */,
			);
			path = Home;
			sourceTree = "<group>";
		};
		5EC02A85286E548000F8F004 /* Detail */ = {
			isa = PBXGroup;
			children = (
			);
			path = Detail;
			sourceTree = "<group>";
		};
		5EC02A86286E548800F8F004 /* Model */ = {
			isa = PBXGroup;
			children = (
				5E84BBE728733D59004FEB72 /* PlayerModel.swift */,
			);
			path = Model;
			sourceTree = "<group>";
		};
		5EC02A87286E548C00F8F004 /* Extension */ = {
			isa = PBXGroup;
			children = (
				5E84BBE928733D8F004FEB72 /* CodableBundleExtension.swift */,
			);
			path = Extension;
			sourceTree = "<group>";
		};
		5EC02A88286E549200F8F004 /* Utility */ = {
			isa = PBXGroup;
			children = (
				5EC02A89286E54C600F8F004 /* Constant.swift */,
			);
			path = Utility;
			sourceTree = "<group>";
		};
/* End PBXGroup section */

/* Begin PBXNativeTarget section */
		5EC02A66286E528F00F8F004 /* Touchdown */ = {
			isa = PBXNativeTarget;
			buildConfigurationList = 5EC02A75286E529100F8F004 /* Build configuration list for PBXNativeTarget "Touchdown" */;
			buildPhases = (
				5EC02A63286E528F00F8F004 /* Sources */,
				5EC02A64286E528F00F8F004 /* Frameworks */,
				5EC02A65286E528F00F8F004 /* Resources */,
			);
			buildRules = (
			);
			dependencies = (
			);
			name = Touchdown;
			productName = Touchdown;
			productReference = 5EC02A67286E528F00F8F004 /* Touchdown.app */;
			productType = "com.apple.product-type.application";
		};
/* End PBXNativeTarget section */

/* Begin PBXProject section */
		5EC02A5F286E528F00F8F004 /* Project object */ = {
			isa = PBXProject;
			attributes = {
				BuildIndependentTargetsInParallel = 1;
				LastSwiftUpdateCheck = 1340;
				LastUpgradeCheck = 1340;
				TargetAttributes = {
					5EC02A66286E528F00F8F004 = {
						CreatedOnToolsVersion = 13.4.1;
					};
				};
			};
			buildConfigurationList = 5EC02A62286E528F00F8F004 /* Build configuration list for PBXProject "Touchdown" */;
			compatibilityVersion = "Xcode 13.0";
			developmentRegion = en;
			hasScannedForEncodings = 0;
			knownRegions = (
				en,
				Base,
			);
			mainGroup = 5EC02A5E286E528F00F8F004;
			productRefGroup = 5EC02A68286E528F00F8F004 /* Products */;
			projectDirPath = "";
			projectRoot = "";
			targets = (
				5EC02A66286E528F00F8F004 /* Touchdown */,
			);
		};
/* End PBXProject section */

/* Begin PBXResourcesBuildPhase section */
		5EC02A65286E528F00F8F004 /* Resources */ = {
			isa = PBXResourcesBuildPhase;
			buildActionMask = 2147483647;
			files = (
				5EC02A7E286E539D00F8F004 /* player.json in Resources */,
				5EC02A7C286E539D00F8F004 /* category.json in Resources */,
				5EC02A7D286E539D00F8F004 /* brand.json in Resources */,
				5EC02A72286E529100F8F004 /* Preview Assets.xcassets in Resources */,
				5EC02A6F286E529100F8F004 /* Assets.xcassets in Resources */,
				5EC02A7F286E539D00F8F004 /* product.json in Resources */,
			);
			runOnlyForDeploymentPostprocessing = 0;
		};
/* End PBXResourcesBuildPhase section */

/* Begin PBXSourcesBuildPhase section */
		5EC02A63286E528F00F8F004 /* Sources */ = {
			isa = PBXSourcesBuildPhase;
			buildActionMask = 2147483647;
			files = (
				5E84BBEA28733D8F004FEB72 /* CodableBundleExtension.swift in Sources */,
				5EC02A6D286E528F00F8F004 /* ContentView.swift in Sources */,
				5EC02A90286E5A3400F8F004 /* LogoView.swift in Sources */,
				5EC02A8C286E556500F8F004 /* FooterView.swift in Sources */,
				5E84BBEC28733EEE004FEB72 /* FeaturedItemView.swift in Sources */,
				5EC02A6B286E528F00F8F004 /* TouchdownApp.swift in Sources */,
				5EC02A8A286E54C600F8F004 /* Constant.swift in Sources */,
				5EC02A8E286E592C00F8F004 /* NavigationBarView.swift in Sources */,
				5E84BBEE28733FA0004FEB72 /* FeaturedTabView.swift in Sources */,
				5E84BBE828733D59004FEB72 /* PlayerModel.swift in Sources */,
			);
			runOnlyForDeploymentPostprocessing = 0;
		};
/* End PBXSourcesBuildPhase section */

/* Begin XCBuildConfiguration section */
		5EC02A73286E529100F8F004 /* Debug */ = {
			isa = XCBuildConfiguration;
			buildSettings = {
				ALWAYS_SEARCH_USER_PATHS = NO;
				CLANG_ANALYZER_NONNULL = YES;
				CLANG_ANALYZER_NUMBER_OBJECT_CONVERSION = YES_AGGRESSIVE;
				CLANG_CXX_LANGUAGE_STANDARD = "gnu++17";
				CLANG_ENABLE_MODULES = YES;
				CLANG_ENABLE_OBJC_ARC = YES;
				CLANG_ENABLE_OBJC_WEAK = YES;
				CLANG_WARN_BLOCK_CAPTURE_AUTORELEASING = YES;
				CLANG_WARN_BOOL_CONVERSION = YES;
				CLANG_WARN_COMMA = YES;
				CLANG_WARN_CONSTANT_CONVERSION = YES;
				CLANG_WARN_DEPRECATED_OBJC_IMPLEMENTATIONS = YES;
				CLANG_WARN_DIRECT_OBJC_ISA_USAGE = YES_ERROR;
				CLANG_WARN_DOCUMENTATION_COMMENTS = YES;
				CLANG_WARN_EMPTY_BODY = YES;
				CLANG_WARN_ENUM_CONVERSION = YES;
				CLANG_WARN_INFINITE_RECURSION = YES;
				CLANG_WARN_INT_CONVERSION = YES;
				CLANG_WARN_NON_LITERAL_NULL_CONVERSION = YES;
				CLANG_WARN_OBJC_IMPLICIT_RETAIN_SELF = YES;
				CLANG_WARN_OBJC_LITERAL_CONVERSION = YES;
				CLANG_WARN_OBJC_ROOT_CLASS = YES_ERROR;
				CLANG_WARN_QUOTED_INCLUDE_IN_FRAMEWORK_HEADER = YES;
				CLANG_WARN_RANGE_LOOP_ANALYSIS = YES;
				CLANG_WARN_STRICT_PROTOTYPES = YES;
				CLANG_WARN_SUSPICIOUS_MOVE = YES;
				CLANG_WARN_UNGUARDED_AVAILABILITY = YES_AGGRESSIVE;
				CLANG_WARN_UNREACHABLE_CODE = YES;
				CLANG_WARN__DUPLICATE_METHOD_MATCH = YES;
				COPY_PHASE_STRIP = NO;
				DEBUG_INFORMATION_FORMAT = dwarf;
				ENABLE_STRICT_OBJC_MSGSEND = YES;
				ENABLE_TESTABILITY = YES;
				GCC_C_LANGUAGE_STANDARD = gnu11;
				GCC_DYNAMIC_NO_PIC = NO;
				GCC_NO_COMMON_BLOCKS = YES;
				GCC_OPTIMIZATION_LEVEL = 0;
				GCC_PREPROCESSOR_DEFINITIONS = (
					"DEBUG=1",
					"$(inherited)",
				);
				GCC_WARN_64_TO_32_BIT_CONVERSION = YES;
				GCC_WARN_ABOUT_RETURN_TYPE = YES_ERROR;
				GCC_WARN_UNDECLARED_SELECTOR = YES;
				GCC_WARN_UNINITIALIZED_AUTOS = YES_AGGRESSIVE;
				GCC_WARN_UNUSED_FUNCTION = YES;
				GCC_WARN_UNUSED_VARIABLE = YES;
				IPHONEOS_DEPLOYMENT_TARGET = 15.5;
				MTL_ENABLE_DEBUG_INFO = INCLUDE_SOURCE;
				MTL_FAST_MATH = YES;
				ONLY_ACTIVE_ARCH = YES;
				SDKROOT = iphoneos;
				SWIFT_ACTIVE_COMPILATION_CONDITIONS = DEBUG;
				SWIFT_OPTIMIZATION_LEVEL = "-Onone";
			};
			name = Debug;
		};
		5EC02A74286E529100F8F004 /* Release */ = {
			isa = XCBuildConfiguration;
			buildSettings = {
				ALWAYS_SEARCH_USER_PATHS = NO;
				CLANG_ANALYZER_NONNULL = YES;
				CLANG_ANALYZER_NUMBER_OBJECT_CONVERSION = YES_AGGRESSIVE;
				CLANG_CXX_LANGUAGE_STANDARD = "gnu++17";
				CLANG_ENABLE_MODULES = YES;
				CLANG_ENABLE_OBJC_ARC = YES;
				CLANG_ENABLE_OBJC_WEAK = YES;
				CLANG_WARN_BLOCK_CAPTURE_AUTORELEASING = YES;
				CLANG_WARN_BOOL_CONVERSION = YES;
				CLANG_WARN_COMMA = YES;
				CLANG_WARN_CONSTANT_CONVERSION = YES;
				CLANG_WARN_DEPRECATED_OBJC_IMPLEMENTATIONS = YES;
				CLANG_WARN_DIRECT_OBJC_ISA_USAGE = YES_ERROR;
				CLANG_WARN_DOCUMENTATION_COMMENTS = YES;
				CLANG_WARN_EMPTY_BODY = YES;
				CLANG_WARN_ENUM_CONVERSION = YES;
				CLANG_WARN_INFINITE_RECURSION = YES;
				CLANG_WARN_INT_CONVERSION = YES;
				CLANG_WARN_NON_LITERAL_NULL_CONVERSION = YES;
				CLANG_WARN_OBJC_IMPLICIT_RETAIN_SELF = YES;
				CLANG_WARN_OBJC_LITERAL_CONVERSION = YES;
				CLANG_WARN_OBJC_ROOT_CLASS = YES_ERROR;
				CLANG_WARN_QUOTED_INCLUDE_IN_FRAMEWORK_HEADER = YES;
				CLANG_WARN_RANGE_LOOP_ANALYSIS = YES;
				CLANG_WARN_STRICT_PROTOTYPES = YES;
				CLANG_WARN_SUSPICIOUS_MOVE = YES;
				CLANG_WARN_UNGUARDED_AVAILABILITY = YES_AGGRESSIVE;
				CLANG_WARN_UNREACHABLE_CODE = YES;
				CLANG_WARN__DUPLICATE_METHOD_MATCH = YES;
				COPY_PHASE_STRIP = NO;
				DEBUG_INFORMATION_FORMAT = "dwarf-with-dsym";
				ENABLE_NS_ASSERTIONS = NO;
				ENABLE_STRICT_OBJC_MSGSEND = YES;
				GCC_C_LANGUAGE_STANDARD = gnu11;
				GCC_NO_COMMON_BLOCKS = YES;
				GCC_WARN_64_TO_32_BIT_CONVERSION = YES;
				GCC_WARN_ABOUT_RETURN_TYPE = YES_ERROR;
				GCC_WARN_UNDECLARED_SELECTOR = YES;
				GCC_WARN_UNINITIALIZED_AUTOS = YES_AGGRESSIVE;
				GCC_WARN_UNUSED_FUNCTION = YES;
				GCC_WARN_UNUSED_VARIABLE = YES;
				IPHONEOS_DEPLOYMENT_TARGET = 15.5;
				MTL_ENABLE_DEBUG_INFO = NO;
				MTL_FAST_MATH = YES;
				SDKROOT = iphoneos;
				SWIFT_COMPILATION_MODE = wholemodule;
				SWIFT_OPTIMIZATION_LEVEL = "-O";
				VALIDATE_PRODUCT = YES;
			};
			name = Release;
		};
		5EC02A76286E529100F8F004 /* Debug */ = {
			isa = XCBuildConfiguration;
			buildSettings = {
				ASSETCATALOG_COMPILER_APPICON_NAME = AppIcon;
				ASSETCATALOG_COMPILER_GLOBAL_ACCENT_COLOR_NAME = AccentColor;
				CODE_SIGN_STYLE = Automatic;
				CURRENT_PROJECT_VERSION = 1;
				DEVELOPMENT_ASSET_PATHS = "\"Touchdown/Preview Content\"";
				DEVELOPMENT_TEAM = D646ZE33ML;
				ENABLE_PREVIEWS = YES;
				GENERATE_INFOPLIST_FILE = YES;
				INFOPLIST_FILE = Touchdown/Info.plist;
				INFOPLIST_KEY_UIApplicationSceneManifest_Generation = YES;
				INFOPLIST_KEY_UIApplicationSupportsIndirectInputEvents = YES;
				INFOPLIST_KEY_UISupportedInterfaceOrientations = UIInterfaceOrientationPortrait;
				INFOPLIST_KEY_UISupportedInterfaceOrientations_iPad = "UIInterfaceOrientationPortrait UIInterfaceOrientationPortraitUpsideDown UIInterfaceOrientationLandscapeLeft UIInterfaceOrientationLandscapeRight";
				INFOPLIST_KEY_UISupportedInterfaceOrientations_iPhone = UIInterfaceOrientationPortrait;
				INFOPLIST_KEY_UIUserInterfaceStyle = Light;
				LD_RUNPATH_SEARCH_PATHS = (
					"$(inherited)",
					"@executable_path/Frameworks",
				);
				MARKETING_VERSION = 1.0;
				PRODUCT_BUNDLE_IDENTIFIER = ZachCervi.Touchdown;
				PRODUCT_NAME = "$(TARGET_NAME)";
				SWIFT_EMIT_LOC_STRINGS = YES;
				SWIFT_VERSION = 5.0;
				TARGETED_DEVICE_FAMILY = "1,2";
			};
			name = Debug;
		};
		5EC02A77286E529100F8F004 /* Release */ = {
			isa = XCBuildConfiguration;
			buildSettings = {
				ASSETCATALOG_COMPILER_APPICON_NAME = AppIcon;
				ASSETCATALOG_COMPILER_GLOBAL_ACCENT_COLOR_NAME = AccentColor;
				CODE_SIGN_STYLE = Automatic;
				CURRENT_PROJECT_VERSION = 1;
				DEVELOPMENT_ASSET_PATHS = "\"Touchdown/Preview Content\"";
				DEVELOPMENT_TEAM = D646ZE33ML;
				ENABLE_PREVIEWS = YES;
				GENERATE_INFOPLIST_FILE = YES;
				INFOPLIST_FILE = Touchdown/Info.plist;
				INFOPLIST_KEY_UIApplicationSceneManifest_Generation = YES;
				INFOPLIST_KEY_UIApplicationSupportsIndirectInputEvents = YES;
				INFOPLIST_KEY_UISupportedInterfaceOrientations = UIInterfaceOrientationPortrait;
				INFOPLIST_KEY_UISupportedInterfaceOrientations_iPad = "UIInterfaceOrientationPortrait UIInterfaceOrientationPortraitUpsideDown UIInterfaceOrientationLandscapeLeft UIInterfaceOrientationLandscapeRight";
				INFOPLIST_KEY_UISupportedInterfaceOrientations_iPhone = UIInterfaceOrientationPortrait;
				INFOPLIST_KEY_UIUserInterfaceStyle = Light;
				LD_RUNPATH_SEARCH_PATHS = (
					"$(inherited)",
					"@executable_path/Frameworks",
				);
				MARKETING_VERSION = 1.0;
				PRODUCT_BUNDLE_IDENTIFIER = ZachCervi.Touchdown;
				PRODUCT_NAME = "$(TARGET_NAME)";
				SWIFT_EMIT_LOC_STRINGS = YES;
				SWIFT_VERSION = 5.0;
				TARGETED_DEVICE_FAMILY = "1,2";
			};
			name = Release;
		};
/* End XCBuildConfiguration section */

/* Begin XCConfigurationList section */
		5EC02A62286E528F00F8F004 /* Build configuration list for PBXProject "Touchdown" */ = {
			isa = XCConfigurationList;
			buildConfigurations = (
				5EC02A73286E529100F8F004 /* Debug */,
				5EC02A74286E529100F8F004 /* Release */,
			);
			defaultConfigurationIsVisible = 0;
			defaultConfigurationName = Release;
		};
		5EC02A75286E529100F8F004 /* Build configuration list for PBXNativeTarget "Touchdown" */ = {
			isa = XCConfigurationList;
			buildConfigurations = (
				5EC02A76286E529100F8F004 /* Debug */,
				5EC02A77286E529100F8F004 /* Release */,
			);
			defaultConfigurationIsVisible = 0;
			defaultConfigurationName = Release;
		};
/* End XCConfigurationList section */
	};
	rootObject = 5EC02A5F286E528F00F8F004 /* Project object */;
}
